# generated by rye
# use `rye lock` or `rye sync` to update this lockfile
#
# last locked with the following flags:
#   pre: false
#   features: []
#   all-features: false
#   with-sources: false
#   generate-hashes: false
#   universal: false

-e file:.
aiohappyeyeballs==2.3.4
    # via aiohttp
aiohttp==3.10.0
    # via datasets
    # via fsspec
aiosignal==1.3.1
    # via aiohttp
astroid==3.2.4
    # via pylint
attrs==24.1.0
    # via aiohttp
black==24.4.2
certifi==2024.7.4
    # via requests
charset-normalizer==3.3.2
    # via requests
click==8.1.7
    # via black
colorama==0.4.6
    # via click
    # via pylint
    # via pytest
    # via tqdm
datasets==2.20.0
    # via squeeze-net
dill==0.3.8
    # via datasets
    # via multiprocess
    # via pylint
filelock==3.15.4
    # via datasets
    # via huggingface-hub
    # via torch
frozenlist==1.4.1
    # via aiohttp
    # via aiosignal
fsspec==2024.5.0
    # via datasets
    # via huggingface-hub
    # via torch
huggingface-hub==0.24.5
    # via datasets
idna==3.7
    # via requests
    # via yarl
iniconfig==2.0.0
    # via pytest
isort==5.13.2
    # via pylint
jinja2==3.1.4
    # via torch
markupsafe==2.1.5
    # via jinja2
mccabe==0.7.0
    # via pylint
mpmath==1.3.0
    # via sympy
multidict==6.0.5
    # via aiohttp
    # via yarl
multiprocess==0.70.16
    # via datasets
mypy==1.11.1
mypy-extensions==1.0.0
    # via black
    # via mypy
networkx==3.3
    # via torch
numpy==1.26.4
    # via datasets
    # via pandas
    # via pyarrow
    # via squeeze-net
    # via torchvision
packaging==24.1
    # via black
    # via datasets
    # via huggingface-hub
    # via pytest
pandas==2.2.2
    # via datasets
pathspec==0.12.1
    # via black
pillow==10.4.0
    # via squeeze-net
    # via torchvision
platformdirs==4.2.2
    # via black
    # via pylint
pluggy==1.5.0
    # via pytest
pyarrow==17.0.0
    # via datasets
pyarrow-hotfix==0.6
    # via datasets
pylint==3.2.6
pytest==8.3.2
python-dateutil==2.9.0.post0
    # via pandas
pytz==2024.1
    # via pandas
pyyaml==6.0.1
    # via datasets
    # via huggingface-hub
requests==2.32.3
    # via datasets
    # via huggingface-hub
setuptools==72.1.0
    # via torch
six==1.16.0
    # via python-dateutil
sympy==1.13.1
    # via torch
tomlkit==0.13.0
    # via pylint
torch==2.4.0
    # via squeeze-net
    # via torchvision
torchvision==0.19.0
    # via squeeze-net
tqdm==4.66.5
    # via datasets
    # via huggingface-hub
typing-extensions==4.12.2
    # via huggingface-hub
    # via mypy
    # via torch
tzdata==2024.1
    # via pandas
urllib3==2.2.2
    # via requests
xxhash==3.4.1
    # via datasets
yarl==1.9.4
    # via aiohttp
